
Microsoft Visual Studio Solution File, Format Version 12.00
# Visual Studio Version 17
VisualStudioVersion = 17.0.32014.148
MinimumVisualStudioVersion = 10.0.40219.1
Project("{FAE04EC0-301F-11D3-BF4B-00C04F79EFBC}") = "Example_functions", "Exeamples_functions\Example_functions.csproj", "{5D325C45-469E-40BB-8A22-C873E9FC361A}"
EndProject
Global
	GlobalSection(SolutionConfigurationPlatforms) = preSolution
		Debug|Any CPU = Debug|Any CPU
		Release|Any CPU = Release|Any CPU
	EndGlobalSection
	GlobalSection(ProjectConfigurationPlatforms) = postSolution
		{5D325C45-469E-40BB-8A22-C873E9FC361A}.Debug|Any CPU.ActiveCfg = Debug|Any CPU
		{5D325C45-469E-40BB-8A22-C873E9FC361A}.Debug|Any CPU.Build.0 = Debug|Any CPU
		{5D325C45-469E-40BB-8A22-C873E9FC361A}.Release|Any CPU.ActiveCfg = Release|Any CPU
		{5D325C45-469E-40BB-8A22-C873E9FC361A}.Release|Any CPU.Build.0 = Release|Any CPU
	EndGlobalSection
	GlobalSection(SolutionProperties) = preSolution
		HideSolutionNode = FALSE
	EndGlobalSection
	GlobalSection(ExtensibilityGlobals) = postSolution
		SolutionGuid = {CD54EAC6-B4D9-404C-BF7F-258C16FE0970}
	EndGlobalSection
EndGlobal
